// !$*UTF8*$!
{
	archiveVersion = 1;
	classes = {
	};
	objectVersion = 77;
	objects = {

/* Begin PBXBuildFile section */
		190E5F522FBD3E2100BACAFF /* FirebaseCore in Frameworks */ = {isa = PBXBuildFile; productRef = 190E5F512FBD3E2100BACAFF /* FirebaseCore */; };
		190E5F542FBD3E2500BACAFF /* FirebaseAuth in Frameworks */ = {isa = PBXBuildFile; productRef = 190E5F532FBD3E2500BACAFF /* FirebaseAuth */; };
		190E5F592FBD3F6500BACAFF /* GoogleSignIn in Frameworks */ = {isa = PBXBuildFile; productRef = 190E5F582FBD3F6500BACAFF /* GoogleSignIn */; };
		190E5F5B2FBD3F6500BACAFF /* GoogleSignInSwift in Frameworks */ = {isa = PBXBuildFile; productRef = 190E5F5A2FBD3F6500BACAFF /* GoogleSignInSwift */; };
		190E5F642FBD818A00BACAFF /* Nuke in Frameworks */ = {isa = PBXBuildFile; productRef = 190E5F632FBD818A00BACAFF /* Nuke */; };
		190E5F662FBD818A00BACAFF /* NukeUI in Frameworks */ = {isa = PBXBuildFile; productRef = 190E5F652FBD818A00BACAFF /* NukeUI */; };
		19CDD14E2FC3D8E80048825A /* FirebaseMessaging in Frameworks */ = {isa = PBXBuildFile; productRef = 19CDD14D2FC3D8E80048825A /* FirebaseMessaging */; };
/* End PBXBuildFile section */

/* Begin PBXContainerItemProxy section */
		190E5EFE2FBCB44400BACAFF /* PBXContainerItemProxy */ = {
			isa = PBXContainerItemProxy;
			containerPortal = 190E5EE62FBCB44300BACAFF /* Project object */;
			proxyType = 1;
			remoteGlobalIDString = 190E5EED2FBCB44300BACAFF;
			remoteInfo = "Release Radar";
		};
		190E5F082FBCB44400BACAFF /* PBXContainerItemProxy */ = {
			isa = PBXContainerItemProxy;
			containerPortal = 190E5EE62FBCB44300BACAFF /* Project object */;
			proxyType = 1;
			remoteGlobalIDString = 190E5EED2FBCB44300BACAFF;
			remoteInfo = "Release Radar";
		};
/* End PBXContainerItemProxy section */

/* Begin PBXCopyFilesBuildPhase section */
		19BD27B32FC4E7C20096C623 /* Embed Foundation Extensions */ = {
			isa = PBXCopyFilesBuildPhase;
			buildActionMask = 2147483647;
			dstPath = "";
			dstSubfolderSpec = 13;
			files = (
			);
			name = "Embed Foundation Extensions";
			runOnlyForDeploymentPostprocessing = 0;
		};
/* End PBXCopyFilesBuildPhase section */

/* Begin PBXFileReference section */
		190E5EEE2FBCB44300BACAFF /* Release Radar.app */ = {isa = PBXFileReference; explicitFileType = wrapper.application; includeInIndex = 0; path = "Release Radar.app"; sourceTree = BUILT_PRODUCTS_DIR; };
		190E5EFD2FBCB44400BACAFF /* Release RadarTests.xctest */ = {isa = PBXFileReference; explicitFileType = wrapper.cfbundle; includeInIndex = 0; path = "Release RadarTests.xctest"; sourceTree = BUILT_PRODUCTS_DIR; };
		190E5F072FBCB44400BACAFF /* Release RadarUITests.xctest */ = {isa = PBXFileReference; explicitFileType = wrapper.cfbundle; includeInIndex = 0; path = "Release RadarUITests.xctest"; sourceTree = BUILT_PRODUCTS_DIR; };
/* End PBXFileReference section */

/* Begin PBXFileSystemSynchronizedRootGroup section */
		190E5EF02FBCB44300BACAFF /* Release Radar */ = {
			isa = PBXFileSystemSynchronizedRootGroup;
			path = "Release Radar";
			sourceTree = "<group>";
		};
		190E5F002FBCB44400BACAFF /* Release RadarTests */ = {
			isa = PBXFileSystemSynchronizedRootGroup;
			path = "Release RadarTests";
			sourceTree = "<group>";
		};
		190E5F0A2FBCB44400BACAFF /* Release RadarUITests */ = {
			isa = PBXFileSystemSynchronizedRootGroup;
			path = "Release RadarUITests";
			sourceTree = "<group>";
		};
		19BD27A82FC4E7C20096C623 /* ReleaseRadarNotificationService */ = {
			isa = PBXFileSystemSynchronizedRootGroup;
			path = ReleaseRadarNotificationService;
			sourceTree = "<group>";
		};
/* End PBXFileSystemSynchronizedRootGroup section */

/* Begin PBXFrameworksBuildPhase section */
		190E5EEB2FBCB44300BACAFF /* Frameworks */ = {
			isa = PBXFrameworksBuildPhase;
			buildActionMask = 2147483647;
			files = (
				190E5F522FBD3E2100BACAFF /* FirebaseCore in Frameworks */,
				190E5F542FBD3E2500BACAFF /* FirebaseAuth in Frameworks */,
				19CDD14E2FC3D8E80048825A /* FirebaseMessaging in Frameworks */,
				190E5F592FBD3F6500BACAFF /* GoogleSignIn in Frameworks */,
				190E5F662FBD818A00BACAFF /* NukeUI in Frameworks */,
				190E5F5B2FBD3F6500BACAFF /* GoogleSignInSwift in Frameworks */,
				190E5F642FBD818A00BACAFF /* Nuke in Frameworks */,
			);
			runOnlyForDeploymentPostprocessing = 0;
		};
		190E5EFA2FBCB44400BACAFF /* Frameworks */ = {
			isa = PBXFrameworksBuildPhase;
			buildActionMask = 2147483647;
			files = (
			);
			runOnlyForDeploymentPostprocessing = 0;
		};
		190E5F042FBCB44400BACAFF /* Frameworks */ = {
			isa = PBXFrameworksBuildPhase;
			buildActionMask = 2147483647;
			files = (
			);
			runOnlyForDeploymentPostprocessing = 0;
		};
/* End PBXFrameworksBuildPhase section */

/* Begin PBXGroup section */
		190E5EE52FBCB44300BACAFF = {
			isa = PBXGroup;
			children = (
				190E5EF02FBCB44300BACAFF /* Release Radar */,
				190E5F002FBCB44400BACAFF /* Release RadarTests */,
				190E5F0A2FBCB44400BACAFF /* Release RadarUITests */,
				19BD27A82FC4E7C20096C623 /* ReleaseRadarNotificationService */,
				190E5F502FBD3E2100BACAFF /* Frameworks */,
				190E5EEF2FBCB44300BACAFF /* Products */,
			);
			sourceTree = "<group>";
		};
		190E5EEF2FBCB44300BACAFF /* Products */ = {
			isa = PBXGroup;
			children = (
				190E5EEE2FBCB44300BACAFF /* Release Radar.app */,
				190E5EFD2FBCB44400BACAFF /* Release RadarTests.xctest */,
				190E5F072FBCB44400BACAFF /* Release RadarUITests.xctest */,
			);
			name = Products;
			sourceTree = "<group>";
		};
		190E5F502FBD3E2100BACAFF /* Frameworks */ = {
			isa = PBXGroup;
			children = (
			);
			name = Frameworks;
			sourceTree = "<group>";
		};
/* End PBXGroup section */

/* Begin PBXNativeTarget section */
		190E5EED2FBCB44300BACAFF /* Release Radar */ = {
			isa = PBXNativeTarget;
			buildConfigurationList = 190E5F112FBCB44400BACAFF /* Build configuration list for PBXNativeTarget "Release Radar" */;
			buildPhases = (
				190E5EEA2FBCB44300BACAFF /* Sources */,
				190E5EEB2FBCB44300BACAFF /* Frameworks */,
				190E5EEC2FBCB44300BACAFF /* Resources */,
				19BD27B32FC4E7C20096C623 /* Embed Foundation Extensions */,
			);
			buildRules = (
			);
			dependencies = (
			);
			fileSystemSynchronizedGroups = (
				190E5EF02FBCB44300BACAFF /* Release Radar */,
			);
			name = "Release Radar";
			packageProductDependencies = (
				190E5F512FBD3E2100BACAFF /* FirebaseCore */,
				190E5F532FBD3E2500BACAFF /* FirebaseAuth */,
				190E5F582FBD3F6500BACAFF /* GoogleSignIn */,
				190E5F5A2FBD3F6500BACAFF /* GoogleSignInSwift */,
				190E5F632FBD818A00BACAFF /* Nuke */,
				190E5F652FBD818A00BACAFF /* NukeUI */,
				19CDD14D2FC3D8E80048825A /* FirebaseMessaging */,
			);
			productName = "Release Radar";
			productReference = 190E5EEE2FBCB44300BACAFF /* Release Radar.app */;
			productType = "com.apple.product-type.application";
		};
		190E5EFC2FBCB44400BACAFF /* Release RadarTests */ = {
			isa = PBXNativeTarget;
			buildConfigurationList = 190E5F142FBCB44400BACAFF /* Build configuration list for PBXNativeTarget "Release RadarTests" */;
			buildPhases = (
				190E5EF92FBCB44400BACAFF /* Sources */,
				190E5EFA2FBCB44400BACAFF /* Frameworks */,
				190E5EFB2FBCB44400BACAFF /* Resources */,
			);
			buildRules = (
			);
			dependencies = (
				190E5EFF2FBCB44400BACAFF /* PBXTargetDependency */,
			);
			fileSystemSynchronizedGroups = (
				190E5F002FBCB44400BACAFF /* Release RadarTests */,
			);
			name = "Release RadarTests";
			packageProductDependencies = (
			);
			productName = "Release RadarTests";
			productReference = 190E5EFD2FBCB44400BACAFF /* Release RadarTests.xctest */;
			productType = "com.apple.product-type.bundle.unit-test";
		};
		190E5F062FBCB44400BACAFF /* Release RadarUITests */ = {
			isa = PBXNativeTarget;
			buildConfigurationList = 190E5F172FBCB44400BACAFF /* Build configuration list for PBXNativeTarget "Release RadarUITests" */;
			buildPhases = (
				190E5F032FBCB44400BACAFF /* Sources */,
				190E5F042FBCB44400BACAFF /* Frameworks */,
				190E5F052FBCB44400BACAFF /* Resources */,
			);
			buildRules = (
			);
			dependencies = (
				190E5F092FBCB44400BACAFF /* PBXTargetDependency */,
			);
			fileSystemSynchronizedGroups = (
				190E5F0A2FBCB44400BACAFF /* Release RadarUITests */,
			);
			name = "Release RadarUITests";
			packageProductDependencies = (
			);
			productName = "Release RadarUITests";
			productReference = 190E5F072FBCB44400BACAFF /* Release RadarUITests.xctest */;
			productType = "com.apple.product-type.bundle.ui-testing";
		};
/* End PBXNativeTarget section */

/* Begin PBXProject section */
		190E5EE62FBCB44300BACAFF /* Project object */ = {
			isa = PBXProject;
			attributes = {
				BuildIndependentTargetsInParallel = 1;
				LastSwiftUpdateCheck = 2650;
				LastUpgradeCheck = 2650;
				TargetAttributes = {
					190E5EED2FBCB44300BACAFF = {
						CreatedOnToolsVersion = 26.5;
					};
					190E5EFC2FBCB44400BACAFF = {
						CreatedOnToolsVersion = 26.5;
						TestTargetID = 190E5EED2FBCB44300BACAFF;
					};
					190E5F062FBCB44400BACAFF = {
						CreatedOnToolsVersion = 26.5;
						TestTargetID = 190E5EED2FBCB44300BACAFF;
					};
				};
			};
			buildConfigurationList = 190E5EE92FBCB44300BACAFF /* Build configuration list for PBXProject "Release Radar" */;
			developmentRegion = en;
			hasScannedForEncodings = 0;
			knownRegions = (
				en,
				Base,
			);
			mainGroup = 190E5EE52FBCB44300BACAFF;
			minimizedProjectReferenceProxies = 1;
			packageReferences = (
				190E5F4F2FBD3D7E00BACAFF /* XCRemoteSwiftPackageReference "firebase-ios-sdk" */,
				190E5F572FBD3F6500BACAFF /* XCRemoteSwiftPackageReference "GoogleSignIn-iOS" */,
				190E5F622FBD818A00BACAFF /* XCRemoteSwiftPackageReference "Nuke" */,
			);
			preferredProjectObjectVersion = 77;
			productRefGroup = 190E5EEF2FBCB44300BACAFF /* Products */;
			projectDirPath = "";
			projectRoot = "";
			targets = (
				190E5EED2FBCB44300BACAFF /* Release Radar */,
				190E5EFC2FBCB44400BACAFF /* Release RadarTests */,
				190E5F062FBCB44400BACAFF /* Release RadarUITests */,
			);
		};
/* End PBXProject section */

/* Begin PBXResourcesBuildPhase section */
		190E5EEC2FBCB44300BACAFF /* Resources */ = {
			isa = PBXResourcesBuildPhase;
			buildActionMask = 2147483647;
			files = (
			);
			runOnlyForDeploymentPostprocessing = 0;
		};
		190E5EFB2FBCB44400BACAFF /* Resources */ = {
			isa = PBXResourcesBuildPhase;
			buildActionMask = 2147483647;
			files = (
			);
			runOnlyForDeploymentPostprocessing = 0;
		};
		190E5F052FBCB44400BACAFF /* Resources */ = {
			isa = PBXResourcesBuildPhase;
			buildActionMask = 2147483647;
			files = (
			);
			runOnlyForDeploymentPostprocessing = 0;
		};
/* End PBXResourcesBuildPhase section */

/* Begin PBXSourcesBuildPhase section */
		190E5EEA2FBCB44300BACAFF /* Sources */ = {
			isa = PBXSourcesBuildPhase;
			buildActionMask = 2147483647;
			files = (
			);
			runOnlyForDeploymentPostprocessing = 0;
		};
		190E5EF92FBCB44400BACAFF /* Sources */ = {
			isa = PBXSourcesBuildPhase;
			buildActionMask = 2147483647;
			files = (
			);
			runOnlyForDeploymentPostprocessing = 0;
		};
		190E5F032FBCB44400BACAFF /* Sources */ = {
			isa = PBXSourcesBuildPhase;
			buildActionMask = 2147483647;
			files = (
			);
			runOnlyForDeploymentPostprocessing = 0;
		};
/* End PBXSourcesBuildPhase section */

/* Begin PBXTargetDependency section */
		190E5EFF2FBCB44400BACAFF /* PBXTargetDependency */ = {
			isa = PBXTargetDependency;
			target = 190E5EED2FBCB44300BACAFF /* Release Radar */;
			targetProxy = 190E5EFE2FBCB44400BACAFF /* PBXContainerItemProxy */;
		};
		190E5F092FBCB44400BACAFF /* PBXTargetDependency */ = {
			isa = PBXTargetDependency;
			target = 190E5EED2FBCB44300BACAFF /* Release Radar */;
			targetProxy = 190E5F082FBCB44400BACAFF /* PBXContainerItemProxy */;
		};
/* End PBXTargetDependency section */

/* Begin XCBuildConfiguration section */
		190E5F0F2FBCB44400BACAFF /* Debug */ = {
			isa = XCBuildConfiguration;
			buildSettings = {
				ALWAYS_SEARCH_USER_PATHS = NO;
				ASSETCATALOG_COMPILER_GENERATE_SWIFT_ASSET_SYMBOL_EXTENSIONS = YES;
				CLANG_ANALYZER_NONNULL = YES;
				CLANG_ANALYZER_NUMBER_OBJECT_CONVERSION = YES_AGGRESSIVE;
				CLANG_CXX_LANGUAGE_STANDARD = "gnu++20";
				CLANG_ENABLE_MODULES = YES;
				CLANG_ENABLE_OBJC_ARC = YES;
				CLANG_ENABLE_OBJC_WEAK = YES;
				CLANG_WARN_BLOCK_CAPTURE_AUTORELEASING = YES;
				CLANG_WARN_BOOL_CONVERSION = YES;
				CLANG_WARN_COMMA = YES;
				CLANG_WARN_CONSTANT_CONVERSION = YES;
				CLANG_WARN_DEPRECATED_OBJC_IMPLEMENTATIONS = YES;
				CLANG_WARN_DIRECT_OBJC_ISA_USAGE = YES_ERROR;
				CLANG_WARN_DOCUMENTATION_COMMENTS = YES;
				CLANG_WARN_EMPTY_BODY = YES;
				CLANG_WARN_ENUM_CONVERSION = YES;
				CLANG_WARN_INFINITE_RECURSION = YES;
				CLANG_WARN_INT_CONVERSION = YES;
				CLANG_WARN_NON_LITERAL_NULL_CONVERSION = YES;
				CLANG_WARN_OBJC_IMPLICIT_RETAIN_SELF = YES;
				CLANG_WARN_OBJC_LITERAL_CONVERSION = YES;
				CLANG_WARN_OBJC_ROOT_CLASS = YES_ERROR;
				CLANG_WARN_QUOTED_INCLUDE_IN_FRAMEWORK_HEADER = YES;
				CLANG_WARN_RANGE_LOOP_ANALYSIS = YES;
				CLANG_WARN_STRICT_PROTOTYPES = YES;
				CLANG_WARN_SUSPICIOUS_MOVE = YES;
				CLANG_WARN_UNGUARDED_AVAILABILITY = YES_AGGRESSIVE;
				CLANG_WARN_UNREACHABLE_CODE = YES;
				CLANG_WARN__DUPLICATE_METHOD_MATCH = YES;
				COPY_PHASE_STRIP = NO;
				DEBUG_INFORMATION_FORMAT = dwarf;
				ENABLE_STRICT_OBJC_MSGSEND = YES;
				ENABLE_TESTABILITY = YES;
				ENABLE_USER_SCRIPT_SANDBOXING = YES;
				GCC_C_LANGUAGE_STANDARD = gnu17;
				GCC_DYNAMIC_NO_PIC = NO;
				GCC_NO_COMMON_BLOCKS = YES;
				GCC_OPTIMIZATION_LEVEL = 0;
				GCC_PREPROCESSOR_DEFINITIONS = (
					"DEBUG=1",
					"$(inherited)",
				);
				GCC_WARN_64_TO_32_BIT_CONVERSION = YES;
				GCC_WARN_ABOUT_RETURN_TYPE = YES_ERROR;
				GCC_WARN_UNDECLARED_SELECTOR = YES;
				GCC_WARN_UNINITIALIZED_AUTOS = YES_AGGRESSIVE;
				GCC_WARN_UNUSED_FUNCTION = YES;
				GCC_WARN_UNUSED_VARIABLE = YES;
				LOCALIZATION_PREFERS_STRING_CATALOGS = YES;
				MTL_ENABLE_DEBUG_INFO = INCLUDE_SOURCE;
				MTL_FAST_MATH = YES;
				ONLY_ACTIVE_ARCH = YES;
				SWIFT_ACTIVE_COMPILATION_CONDITIONS = "DEBUG $(inherited)";
				SWIFT_OPTIMIZATION_LEVEL = "-Onone";
			};
			name = Debug;
		};
		190E5F102FBCB44400BACAFF /* Release */ = {
			isa = XCBuildConfiguration;
			buildSettings = {
				ALWAYS_SEARCH_USER_PATHS = NO;
				ASSETCATALOG_COMPILER_GENERATE_SWIFT_ASSET_SYMBOL_EXTENSIONS = YES;
				CLANG_ANALYZER_NONNULL = YES;
				CLANG_ANALYZER_NUMBER_OBJECT_CONVERSION = YES_AGGRESSIVE;
				CLANG_CXX_LANGUAGE_STANDARD = "gnu++20";
				CLANG_ENABLE_MODULES = YES;
				CLANG_ENABLE_OBJC_ARC = YES;
				CLANG_ENABLE_OBJC_WEAK = YES;
				CLANG_WARN_BLOCK_CAPTURE_AUTORELEASING = YES;
				CLANG_WARN_BOOL_CONVERSION = YES;
				CLANG_WARN_COMMA = YES;
				CLANG_WARN_CONSTANT_CONVERSION = YES;
				CLANG_WARN_DEPRECATED_OBJC_IMPLEMENTATIONS = YES;
				CLANG_WARN_DIRECT_OBJC_ISA_USAGE = YES_ERROR;
				CLANG_WARN_DOCUMENTATION_COMMENTS = YES;
				CLANG_WARN_EMPTY_BODY = YES;
				CLANG_WARN_ENUM_CONVERSION = YES;
				CLANG_WARN_INFINITE_RECURSION = YES;
				CLANG_WARN_INT_CONVERSION = YES;
				CLANG_WARN_NON_LITERAL_NULL_CONVERSION = YES;
				CLANG_WARN_OBJC_IMPLICIT_RETAIN_SELF = YES;
				CLANG_WARN_OBJC_LITERAL_CONVERSION = YES;
				CLANG_WARN_OBJC_ROOT_CLASS = YES_ERROR;
				CLANG_WARN_QUOTED_INCLUDE_IN_FRAMEWORK_HEADER = YES;
				CLANG_WARN_RANGE_LOOP_ANALYSIS = YES;
				CLANG_WARN_STRICT_PROTOTYPES = YES;
				CLANG_WARN_SUSPICIOUS_MOVE = YES;
				CLANG_WARN_UNGUARDED_AVAILABILITY = YES_AGGRESSIVE;
				CLANG_WARN_UNREACHABLE_CODE = YES;
				CLANG_WARN__DUPLICATE_METHOD_MATCH = YES;
				COPY_PHASE_STRIP = NO;
				DEBUG_INFORMATION_FORMAT = "dwarf-with-dsym";
				ENABLE_NS_ASSERTIONS = NO;
				ENABLE_STRICT_OBJC_MSGSEND = YES;
				ENABLE_USER_SCRIPT_SANDBOXING = YES;
				GCC_C_LANGUAGE_STANDARD = gnu17;
				GCC_NO_COMMON_BLOCKS = YES;
				GCC_WARN_64_TO_32_BIT_CONVERSION = YES;
				GCC_WARN_ABOUT_RETURN_TYPE = YES_ERROR;
				GCC_WARN_UNDECLARED_SELECTOR = YES;
				GCC_WARN_UNINITIALIZED_AUTOS = YES_AGGRESSIVE;
				GCC_WARN_UNUSED_FUNCTION = YES;
				GCC_WARN_UNUSED_VARIABLE = YES;
				LOCALIZATION_PREFERS_STRING_CATALOGS = YES;
				MTL_ENABLE_DEBUG_INFO = NO;
				MTL_FAST_MATH = YES;
				SWIFT_COMPILATION_MODE = wholemodule;
			};
			name = Release;
		};
		190E5F122FBCB44400BACAFF /* Debug */ = {
			isa = XCBuildConfiguration;
			buildSettings = {
				ASSETCATALOG_COMPILER_APPICON_NAME = AppIcon;
				ASSETCATALOG_COMPILER_GLOBAL_ACCENT_COLOR_NAME = AccentColor;
				CODE_SIGN_ENTITLEMENTS = "Release Radar/Release Radar.entitlements";
				CODE_SIGN_STYLE = Automatic;
				CURRENT_PROJECT_VERSION = 1;
				DEVELOPMENT_TEAM = W8QW3LJ95L;
				ENABLE_APP_SANDBOX = YES;
				ENABLE_PREVIEWS = YES;
				ENABLE_USER_SELECTED_FILES = readonly;
				GENERATE_INFOPLIST_FILE = YES;
				INFOPLIST_FILE = "Release-Radar-Info.plist";
				"INFOPLIST_KEY_UIApplicationSceneManifest_Generation[sdk=iphoneos*]" = YES;
				"INFOPLIST_KEY_UIApplicationSceneManifest_Generation[sdk=iphonesimulator*]" = YES;
				"INFOPLIST_KEY_UIApplicationSupportsIndirectInputEvents[sdk=iphoneos*]" = YES;
				"INFOPLIST_KEY_UIApplicationSupportsIndirectInputEvents[sdk=iphonesimulator*]" = YES;
				"INFOPLIST_KEY_UILaunchScreen_Generation[sdk=iphoneos*]" = YES;
				"INFOPLIST_KEY_UILaunchScreen_Generation[sdk=iphonesimulator*]" = YES;
				"INFOPLIST_KEY_UIStatusBarStyle[sdk=iphoneos*]" = UIStatusBarStyleDefault;
				"INFOPLIST_KEY_UIStatusBarStyle[sdk=iphonesimulator*]" = UIStatusBarStyleDefault;
				INFOPLIST_KEY_UISupportedInterfaceOrientations_iPad = "UIInterfaceOrientationPortrait UIInterfaceOrientationPortraitUpsideDown UIInterfaceOrientationLandscapeLeft UIInterfaceOrientationLandscapeRight";
				INFOPLIST_KEY_UISupportedInterfaceOrientations_iPhone = "UIInterfaceOrientationPortrait UIInterfaceOrientationLandscapeLeft UIInterfaceOrientationLandscapeRight";
				IPHONEOS_DEPLOYMENT_TARGET = 17.0;
				LD_RUNPATH_SEARCH_PATHS = "@executable_path/Frameworks";
				"LD_RUNPATH_SEARCH_PATHS[sdk=macosx*]" = "@executable_path/../Frameworks";
				MACOSX_DEPLOYMENT_TARGET = 17.0;
				MARKETING_VERSION = 1.0;
				PRODUCT_BUNDLE_IDENTIFIER = "Release-Radar.Release-Radar";
				PRODUCT_NAME = "$(TARGET_NAME)";
				REGISTER_APP_GROUPS = YES;
				SDKROOT = auto;
				STRING_CATALOG_GENERATE_SYMBOLS = YES;
				SUPPORTED_PLATFORMS = "iphoneos iphonesimulator macosx xros xrsimulator";
				SWIFT_APPROACHABLE_CONCURRENCY = YES;
				SWIFT_DEFAULT_ACTOR_ISOLATION = MainActor;
				SWIFT_EMIT_LOC_STRINGS = YES;
				SWIFT_UPCOMING_FEATURE_MEMBER_IMPORT_VISIBILITY = YES;
				SWIFT_VERSION = 5.0;
				TARGETED_DEVICE_FAMILY = "1,2,7";
				XROS_DEPLOYMENT_TARGET = 26.5;
			};
			name = Debug;
		};
		190E5F132FBCB44400BACAFF /* Release */ = {
			isa = XCBuildConfiguration;
			buildSettings = {
				ASSETCATALOG_COMPILER_APPICON_NAME = AppIcon;
				ASSETCATALOG_COMPILER_GLOBAL_ACCENT_COLOR_NAME = AccentColor;
				CODE_SIGN_ENTITLEMENTS = "Release Radar/Release Radar.entitlements";
				CODE_SIGN_STYLE = Automatic;
				CURRENT_PROJECT_VERSION = 1;
				DEVELOPMENT_TEAM = W8QW3LJ95L;
				ENABLE_APP_SANDBOX = YES;
				ENABLE_PREVIEWS = YES;
				ENABLE_USER_SELECTED_FILES = readonly;
				GENERATE_INFOPLIST_FILE = YES;
				INFOPLIST_FILE = "Release-Radar-Info.plist";
				"INFOPLIST_KEY_UIApplicationSceneManifest_Generation[sdk=iphoneos*]" = YES;
				"INFOPLIST_KEY_UIApplicationSceneManifest_Generation[sdk=iphonesimulator*]" = YES;
				"INFOPLIST_KEY_UIApplicationSupportsIndirectInputEvents[sdk=iphoneos*]" = YES;
				"INFOPLIST_KEY_UIApplicationSupportsIndirectInputEvents[sdk=iphonesimulator*]" = YES;
				"INFOPLIST_KEY_UILaunchScreen_Generation[sdk=iphoneos*]" = YES;
				"INFOPLIST_KEY_UILaunchScreen_Generation[sdk=iphonesimulator*]" = YES;
				"INFOPLIST_KEY_UIStatusBarStyle[sdk=iphoneos*]" = UIStatusBarStyleDefault;
				"INFOPLIST_KEY_UIStatusBarStyle[sdk=iphonesimulator*]" = UIStatusBarStyleDefault;
				INFOPLIST_KEY_UISupportedInterfaceOrientations_iPad = "UIInterfaceOrientationPortrait UIInterfaceOrientationPortraitUpsideDown UIInterfaceOrientationLandscapeLeft UIInterfaceOrientationLandscapeRight";
				INFOPLIST_KEY_UISupportedInterfaceOrientations_iPhone = "UIInterfaceOrientationPortrait UIInterfaceOrientationLandscapeLeft UIInterfaceOrientationLandscapeRight";
				IPHONEOS_DEPLOYMENT_TARGET = 17.0;
				LD_RUNPATH_SEARCH_PATHS = "@executable_path/Frameworks";
				"LD_RUNPATH_SEARCH_PATHS[sdk=macosx*]" = "@executable_path/../Frameworks";
				MACOSX_DEPLOYMENT_TARGET = 17.0;
				MARKETING_VERSION = 1.0;
				PRODUCT_BUNDLE_IDENTIFIER = "Release-Radar.Release-Radar";
				PRODUCT_NAME = "$(TARGET_NAME)";
				REGISTER_APP_GROUPS = YES;
				SDKROOT = auto;
				STRING_CATALOG_GENERATE_SYMBOLS = YES;
				SUPPORTED_PLATFORMS = "iphoneos iphonesimulator macosx xros xrsimulator";
				SWIFT_APPROACHABLE_CONCURRENCY = YES;
				SWIFT_DEFAULT_ACTOR_ISOLATION = MainActor;
				SWIFT_EMIT_LOC_STRINGS = YES;
				SWIFT_UPCOMING_FEATURE_MEMBER_IMPORT_VISIBILITY = YES;
				SWIFT_VERSION = 5.0;
				TARGETED_DEVICE_FAMILY = "1,2,7";
				XROS_DEPLOYMENT_TARGET = 26.5;
			};
			name = Release;
		};
		190E5F152FBCB44400BACAFF /* Debug */ = {
			isa = XCBuildConfiguration;
			buildSettings = {
				BUNDLE_LOADER = "$(TEST_HOST)";
				CODE_SIGN_STYLE = Automatic;
				CURRENT_PROJECT_VERSION = 1;
				GENERATE_INFOPLIST_FILE = YES;
				IPHONEOS_DEPLOYMENT_TARGET = 26.5;
				MACOSX_DEPLOYMENT_TARGET = 26.5;
				MARKETING_VERSION = 1.0;
				PRODUCT_BUNDLE_IDENTIFIER = "Release-Radar.Release-RadarTests";
				PRODUCT_NAME = "$(TARGET_NAME)";
				SDKROOT = auto;
				STRING_CATALOG_GENERATE_SYMBOLS = NO;
				SUPPORTED_PLATFORMS = "iphoneos iphonesimulator macosx xros xrsimulator";
				SWIFT_APPROACHABLE_CONCURRENCY = YES;
				SWIFT_EMIT_LOC_STRINGS = NO;
				SWIFT_UPCOMING_FEATURE_MEMBER_IMPORT_VISIBILITY = YES;
				SWIFT_VERSION = 5.0;
				TARGETED_DEVICE_FAMILY = "1,2,7";
				TEST_HOST = "$(BUILT_PRODUCTS_DIR)/Release Radar.app/$(BUNDLE_EXECUTABLE_FOLDER_PATH)/Release Radar";
				XROS_DEPLOYMENT_TARGET = 26.5;
			};
			name = Debug;
		};
		190E5F162FBCB44400BACAFF /* Release */ = {
			isa = XCBuildConfiguration;
			buildSettings = {
				BUNDLE_LOADER = "$(TEST_HOST)";
				CODE_SIGN_STYLE = Automatic;
				CURRENT_PROJECT_VERSION = 1;
				GENERATE_INFOPLIST_FILE = YES;
				IPHONEOS_DEPLOYMENT_TARGET = 26.5;
				MACOSX_DEPLOYMENT_TARGET = 26.5;
				MARKETING_VERSION = 1.0;
				PRODUCT_BUNDLE_IDENTIFIER = "Release-Radar.Release-RadarTests";
				PRODUCT_NAME = "$(TARGET_NAME)";
				SDKROOT = auto;
				STRING_CATALOG_GENERATE_SYMBOLS = NO;
				SUPPORTED_PLATFORMS = "iphoneos iphonesimulator macosx xros xrsimulator";
				SWIFT_APPROACHABLE_CONCURRENCY = YES;
				SWIFT_EMIT_LOC_STRINGS = NO;
				SWIFT_UPCOMING_FEATURE_MEMBER_IMPORT_VISIBILITY = YES;
				SWIFT_VERSION = 5.0;
				TARGETED_DEVICE_FAMILY = "1,2,7";
				TEST_HOST = "$(BUILT_PRODUCTS_DIR)/Release Radar.app/$(BUNDLE_EXECUTABLE_FOLDER_PATH)/Release Radar";
				XROS_DEPLOYMENT_TARGET = 26.5;
			};
			name = Release;
		};
		190E5F182FBCB44400BACAFF /* Debug */ = {
			isa = XCBuildConfiguration;
			buildSettings = {
				CODE_SIGN_STYLE = Automatic;
				CURRENT_PROJECT_VERSION = 1;
				GENERATE_INFOPLIST_FILE = YES;
				IPHONEOS_DEPLOYMENT_TARGET = 26.5;
				MACOSX_DEPLOYMENT_TARGET = 26.5;
				MARKETING_VERSION = 1.0;
				PRODUCT_BUNDLE_IDENTIFIER = "Release-Radar.Release-RadarUITests";
				PRODUCT_NAME = "$(TARGET_NAME)";
				SDKROOT = auto;
				STRING_CATALOG_GENERATE_SYMBOLS = NO;
				SUPPORTED_PLATFORMS = "iphoneos iphonesimulator macosx xros xrsimulator";
				SWIFT_APPROACHABLE_CONCURRENCY = YES;
				SWIFT_EMIT_LOC_STRINGS = NO;
				SWIFT_UPCOMING_FEATURE_MEMBER_IMPORT_VISIBILITY = YES;
				SWIFT_VERSION = 5.0;
				TARGETED_DEVICE_FAMILY = "1,2,7";
				TEST_TARGET_NAME = "Release Radar";
				XROS_DEPLOYMENT_TARGET = 26.5;
			};
			name = Debug;
		};
		190E5F192FBCB44400BACAFF /* Release */ = {
			isa = XCBuildConfiguration;
			buildSettings = {
				CODE_SIGN_STYLE = Automatic;
				CURRENT_PROJECT_VERSION = 1;
				GENERATE_INFOPLIST_FILE = YES;
				IPHONEOS_DEPLOYMENT_TARGET = 26.5;
				MACOSX_DEPLOYMENT_TARGET = 26.5;
				MARKETING_VERSION = 1.0;
				PRODUCT_BUNDLE_IDENTIFIER = "Release-Radar.Release-RadarUITests";
				PRODUCT_NAME = "$(TARGET_NAME)";
				SDKROOT = auto;
				STRING_CATALOG_GENERATE_SYMBOLS = NO;
				SUPPORTED_PLATFORMS = "iphoneos iphonesimulator macosx xros xrsimulator";
				SWIFT_APPROACHABLE_CONCURRENCY = YES;
				SWIFT_EMIT_LOC_STRINGS = NO;
				SWIFT_UPCOMING_FEATURE_MEMBER_IMPORT_VISIBILITY = YES;
				SWIFT_VERSION = 5.0;
				TARGETED_DEVICE_FAMILY = "1,2,7";
				TEST_TARGET_NAME = "Release Radar";
				XROS_DEPLOYMENT_TARGET = 26.5;
			};
			name = Release;
		};
/* End XCBuildConfiguration section */

/* Begin XCConfigurationList section */
		190E5EE92FBCB44300BACAFF /* Build configuration list for PBXProject "Release Radar" */ = {
			isa = XCConfigurationList;
			buildConfigurations = (
				190E5F0F2FBCB44400BACAFF /* Debug */,
				190E5F102FBCB44400BACAFF /* Release */,
			);
			defaultConfigurationIsVisible = 0;
			defaultConfigurationName = Release;
		};
		190E5F112FBCB44400BACAFF /* Build configuration list for PBXNativeTarget "Release Radar" */ = {
			isa = XCConfigurationList;
			buildConfigurations = (
				190E5F122FBCB44400BACAFF /* Debug */,
				190E5F132FBCB44400BACAFF /* Release */,
			);
			defaultConfigurationIsVisible = 0;
			defaultConfigurationName = Release;
		};
		190E5F142FBCB44400BACAFF /* Build configuration list for PBXNativeTarget "Release RadarTests" */ = {
			isa = XCConfigurationList;
			buildConfigurations = (
				190E5F152FBCB44400BACAFF /* Debug */,
				190E5F162FBCB44400BACAFF /* Release */,
			);
			defaultConfigurationIsVisible = 0;
			defaultConfigurationName = Release;
		};
		190E5F172FBCB44400BACAFF /* Build configuration list for PBXNativeTarget "Release RadarUITests" */ = {
			isa = XCConfigurationList;
			buildConfigurations = (
				190E5F182FBCB44400BACAFF /* Debug */,
				190E5F192FBCB44400BACAFF /* Release */,
			);
			defaultConfigurationIsVisible = 0;
			defaultConfigurationName = Release;
		};
/* End XCConfigurationList section */

/* Begin XCRemoteSwiftPackageReference section */
		190E5F4F2FBD3D7E00BACAFF /* XCRemoteSwiftPackageReference "firebase-ios-sdk" */ = {
			isa = XCRemoteSwiftPackageReference;
			repositoryURL = "https://github.com/firebase/firebase-ios-sdk";
			requirement = {
				kind = upToNextMajorVersion;
				minimumVersion = 12.13.0;
			};
		};
		190E5F572FBD3F6500BACAFF /* XCRemoteSwiftPackageReference "GoogleSignIn-iOS" */ = {
			isa = XCRemoteSwiftPackageReference;
			repositoryURL = "https://github.com/google/GoogleSignIn-iOS";
			requirement = {
				kind = upToNextMajorVersion;
				minimumVersion = 9.1.0;
			};
		};
		190E5F622FBD818A00BACAFF /* XCRemoteSwiftPackageReference "Nuke" */ = {
			isa = XCRemoteSwiftPackageReference;
			repositoryURL = "https://github.com/kean/Nuke";
			requirement = {
				kind = upToNextMajorVersion;
				minimumVersion = 13.0.6;
			};
		};
/* End XCRemoteSwiftPackageReference section */

/* Begin XCSwiftPackageProductDependency section */
		190E5F512FBD3E2100BACAFF /* FirebaseCore */ = {
			isa = XCSwiftPackageProductDependency;
			package = 190E5F4F2FBD3D7E00BACAFF /* XCRemoteSwiftPackageReference "firebase-ios-sdk" */;
			productName = FirebaseCore;
		};
		190E5F532FBD3E2500BACAFF /* FirebaseAuth */ = {
			isa = XCSwiftPackageProductDependency;
			package = 190E5F4F2FBD3D7E00BACAFF /* XCRemoteSwiftPackageReference "firebase-ios-sdk" */;
			productName = FirebaseAuth;
		};
		190E5F582FBD3F6500BACAFF /* GoogleSignIn */ = {
			isa = XCSwiftPackageProductDependency;
			package = 190E5F572FBD3F6500BACAFF /* XCRemoteSwiftPackageReference "GoogleSignIn-iOS" */;
			productName = GoogleSignIn;
		};
		190E5F5A2FBD3F6500BACAFF /* GoogleSignInSwift */ = {
			isa = XCSwiftPackageProductDependency;
			package = 190E5F572FBD3F6500BACAFF /* XCRemoteSwiftPackageReference "GoogleSignIn-iOS" */;
			productName = GoogleSignInSwift;
		};
		190E5F632FBD818A00BACAFF /* Nuke */ = {
			isa = XCSwiftPackageProductDependency;
			package = 190E5F622FBD818A00BACAFF /* XCRemoteSwiftPackageReference "Nuke" */;
			productName = Nuke;
		};
		190E5F652FBD818A00BACAFF /* NukeUI */ = {
			isa = XCSwiftPackageProductDependency;
			package = 190E5F622FBD818A00BACAFF /* XCRemoteSwiftPackageReference "Nuke" */;
			productName = NukeUI;
		};
		19CDD14D2FC3D8E80048825A /* FirebaseMessaging */ = {
			isa = XCSwiftPackageProductDependency;
			package = 190E5F4F2FBD3D7E00BACAFF /* XCRemoteSwiftPackageReference "firebase-ios-sdk" */;
			productName = FirebaseMessaging;
		};
/* End XCSwiftPackageProductDependency section */
	};
	rootObject = 190E5EE62FBCB44300BACAFF /* Project object */;
}
